
Microsoft Visual Studio Solution File, Format Version 12.00
# Visual Studio Version 16
VisualStudioVersion = 16.6.30114.105
MinimumVisualStudioVersion = 10.0.40219.1
Project("{2150E333-8FDC-42A3-9474-1A3956D46DE8}") = "src", "src", "{F8E32FFD-4F7A-4EA7-98D2-91C0F24E934C}"
EndProject
Project("{FAE04EC0-301F-11D3-BF4B-00C04F79EFBC}") = "CommandAPI", "src\CommandAPI\CommandAPI.csproj", "{53ADC147-4622-47F8-B9B4-02CBB1ADF9EC}"
EndProject
Project("{2150E333-8FDC-42A3-9474-1A3956D46DE8}") = "test", "test", "{1EE232E4-7481-4B4E-AE67-99B627685727}"
EndProject
Project("{FAE04EC0-301F-11D3-BF4B-00C04F79EFBC}") = "CommandAPI.Tests", "test\CommandAPI.Tests\CommandAPI.Tests.csproj", "{9307523F-32B6-4035-9126-F5DB4830FE86}"
EndProject
Global
	GlobalSection(SolutionConfigurationPlatforms) = preSolution
		Debug|Any CPU = Debug|Any CPU
		Debug|x64 = Debug|x64
		Debug|x86 = Debug|x86
		Release|Any CPU = Release|Any CPU
		Release|x64 = Release|x64
		Release|x86 = Release|x86
	EndGlobalSection
	GlobalSection(SolutionProperties) = preSolution
		HideSolutionNode = FALSE
	EndGlobalSection
	GlobalSection(ProjectConfigurationPlatforms) = postSolution
		{53ADC147-4622-47F8-B9B4-02CBB1ADF9EC}.Debug|Any CPU.ActiveCfg = Debug|Any CPU
		{53ADC147-4622-47F8-B9B4-02CBB1ADF9EC}.Debug|Any CPU.Build.0 = Debug|Any CPU
		{53ADC147-4622-47F8-B9B4-02CBB1ADF9EC}.Debug|x64.ActiveCfg = Debug|Any CPU
		{53ADC147-4622-47F8-B9B4-02CBB1ADF9EC}.Debug|x64.Build.0 = Debug|Any CPU
		{53ADC147-4622-47F8-B9B4-02CBB1ADF9EC}.Debug|x86.ActiveCfg = Debug|Any CPU
		{53ADC147-4622-47F8-B9B4-02CBB1ADF9EC}.Debug|x86.Build.0 = Debug|Any CPU
		{53ADC147-4622-47F8-B9B4-02CBB1ADF9EC}.Release|Any CPU.ActiveCfg = Release|Any CPU
		{53ADC147-4622-47F8-B9B4-02CBB1ADF9EC}.Release|Any CPU.Build.0 = Release|Any CPU
		{53ADC147-4622-47F8-B9B4-02CBB1ADF9EC}.Release|x64.ActiveCfg = Release|Any CPU
		{53ADC147-4622-47F8-B9B4-02CBB1ADF9EC}.Release|x64.Build.0 = Release|Any CPU
		{53ADC147-4622-47F8-B9B4-02CBB1ADF9EC}.Release|x86.ActiveCfg = Release|Any CPU
		{53ADC147-4622-47F8-B9B4-02CBB1ADF9EC}.Release|x86.Build.0 = Release|Any CPU
		{9307523F-32B6-4035-9126-F5DB4830FE86}.Debug|Any CPU.ActiveCfg = Debug|Any CPU
		{9307523F-32B6-4035-9126-F5DB4830FE86}.Debug|Any CPU.Build.0 = Debug|Any CPU
		{9307523F-32B6-4035-9126-F5DB4830FE86}.Debug|x64.ActiveCfg = Debug|Any CPU
		{9307523F-32B6-4035-9126-F5DB4830FE86}.Debug|x64.Build.0 = Debug|Any CPU
		{9307523F-32B6-4035-9126-F5DB4830FE86}.Debug|x86.ActiveCfg = Debug|Any CPU
		{9307523F-32B6-4035-9126-F5DB4830FE86}.Debug|x86.Build.0 = Debug|Any CPU
		{9307523F-32B6-4035-9126-F5DB4830FE86}.Release|Any CPU.ActiveCfg = Release|Any CPU
		{9307523F-32B6-4035-9126-F5DB4830FE86}.Release|Any CPU.Build.0 = Release|Any CPU
		{9307523F-32B6-4035-9126-F5DB4830FE86}.Release|x64.ActiveCfg = Release|Any CPU
		{9307523F-32B6-4035-9126-F5DB4830FE86}.Release|x64.Build.0 = Release|Any CPU
		{9307523F-32B6-4035-9126-F5DB4830FE86}.Release|x86.ActiveCfg = Release|Any CPU
		{9307523F-32B6-4035-9126-F5DB4830FE86}.Release|x86.Build.0 = Release|Any CPU
	EndGlobalSection
	GlobalSection(NestedProjects) = preSolution
		{53ADC147-4622-47F8-B9B4-02CBB1ADF9EC} = {F8E32FFD-4F7A-4EA7-98D2-91C0F24E934C}
		{9307523F-32B6-4035-9126-F5DB4830FE86} = {1EE232E4-7481-4B4E-AE67-99B627685727}
	EndGlobalSection
EndGlobal
